
Microsoft Visual Studio Solution File, Format Version 12.00
# Visual Studio Version 17
VisualStudioVersion = 17.8.34511.84
MinimumVisualStudioVersion = 10.0.40219.1
Project("{FAE04EC0-301F-11D3-BF4B-00C04F79EFBC}") = "PP_Lab3_C#", "PP_Lab3_C#\PP_Lab3_C#.csproj", "{B2CE79C5-4C1A-4ED6-A990-1AE148709CA9}"
EndProject
Global
	GlobalSection(SolutionConfigurationPlatforms) = preSolution
		Debug|Any CPU = Debug|Any CPU
		Release|Any CPU = Release|Any CPU
	EndGlobalSection
	GlobalSection(ProjectConfigurationPlatforms) = postSolution
		{B2CE79C5-4C1A-4ED6-A990-1AE148709CA9}.Debug|Any CPU.ActiveCfg = Debug|Any CPU
		{B2CE79C5-4C1A-4ED6-A990-1AE148709CA9}.Debug|Any CPU.Build.0 = Debug|Any CPU
		{B2CE79C5-4C1A-4ED6-A990-1AE148709CA9}.Release|Any CPU.ActiveCfg = Release|Any CPU
		{B2CE79C5-4C1A-4ED6-A990-1AE148709CA9}.Release|Any CPU.Build.0 = Release|Any CPU
	EndGlobalSection
	GlobalSection(SolutionProperties) = preSolution
		HideSolutionNode = FALSE
	EndGlobalSection
	GlobalSection(ExtensibilityGlobals) = postSolution
		SolutionGuid = {342FD08A-BB5A-43CB-8D2C-FDD2F49BC3BA}
	EndGlobalSection
EndGlobal
